
Microsoft Visual Studio Solution File, Format Version 12.00
# Visual Studio 2013
VisualStudioVersion = 12.0.31101.0
MinimumVisualStudioVersion = 10.0.40219.1
Project("{8BC9CEB8-8B4A-11D0-8D11-00A0C91BC942}") = "DBSRV", "DBSRV\DBSRV.vcxproj", "{AEA15DC3-F547-46FC-8917-5B046E1D92DC}"
EndProject
Project("{8BC9CEB8-8B4A-11D0-8D11-00A0C91BC942}") = "TMSRV", "TMSRV\TMSRV.vcxproj", "{726A4496-0153-4AB0-85FE-694434B36E1E}"
EndProject
Project("{2150E333-8FDC-42A3-9474-1A3956D46DE8}") = "Common", "Common", "{2F12840B-A62E-4B8C-80C5-245915C62F43}"
	ProjectSection(SolutionItems) = preProject
		Common\define.h = Common\define.h
		Common\hook.h = Common\hook.h
		Common\ItemEffect.h = Common\ItemEffect.h
		Common\PacketStruct.h = Common\PacketStruct.h
		Common\Structs.h = Common\Structs.h
	EndProjectSection
EndProject
Project("{8BC9CEB8-8B4A-11D0-8D11-00A0C91BC942}") = "CLIENT", "CLIENT\CLIENT.vcxproj", "{918C8169-4A0D-4E9A-874F-8704FB608E63}"
EndProject
Global
	GlobalSection(SolutionConfigurationPlatforms) = preSolution
		Debug|Any CPU = Debug|Any CPU
		Debug|Mixed Platforms = Debug|Mixed Platforms
		Debug|Win32 = Debug|Win32
		Release|Any CPU = Release|Any CPU
		Release|Mixed Platforms = Release|Mixed Platforms
		Release|Win32 = Release|Win32
	EndGlobalSection
	GlobalSection(ProjectConfigurationPlatforms) = postSolution
		{AEA15DC3-F547-46FC-8917-5B046E1D92DC}.Debug|Any CPU.ActiveCfg = Debug|Win32
		{AEA15DC3-F547-46FC-8917-5B046E1D92DC}.Debug|Mixed Platforms.ActiveCfg = Debug|Win32
		{AEA15DC3-F547-46FC-8917-5B046E1D92DC}.Debug|Mixed Platforms.Build.0 = Debug|Win32
		{AEA15DC3-F547-46FC-8917-5B046E1D92DC}.Debug|Win32.ActiveCfg = Debug|Win32
		{AEA15DC3-F547-46FC-8917-5B046E1D92DC}.Debug|Win32.Build.0 = Debug|Win32
		{AEA15DC3-F547-46FC-8917-5B046E1D92DC}.Release|Any CPU.ActiveCfg = Release|Win32
		{AEA15DC3-F547-46FC-8917-5B046E1D92DC}.Release|Mixed Platforms.ActiveCfg = Release|Win32
		{AEA15DC3-F547-46FC-8917-5B046E1D92DC}.Release|Mixed Platforms.Build.0 = Release|Win32
		{AEA15DC3-F547-46FC-8917-5B046E1D92DC}.Release|Win32.ActiveCfg = Release|Win32
		{AEA15DC3-F547-46FC-8917-5B046E1D92DC}.Release|Win32.Build.0 = Release|Win32
		{726A4496-0153-4AB0-85FE-694434B36E1E}.Debug|Any CPU.ActiveCfg = Debug|Win32
		{726A4496-0153-4AB0-85FE-694434B36E1E}.Debug|Mixed Platforms.ActiveCfg = Debug|Win32
		{726A4496-0153-4AB0-85FE-694434B36E1E}.Debug|Mixed Platforms.Build.0 = Debug|Win32
		{726A4496-0153-4AB0-85FE-694434B36E1E}.Debug|Win32.ActiveCfg = Debug|Win32
		{726A4496-0153-4AB0-85FE-694434B36E1E}.Debug|Win32.Build.0 = Debug|Win32
		{726A4496-0153-4AB0-85FE-694434B36E1E}.Release|Any CPU.ActiveCfg = Release|Win32
		{726A4496-0153-4AB0-85FE-694434B36E1E}.Release|Mixed Platforms.ActiveCfg = Release|Win32
		{726A4496-0153-4AB0-85FE-694434B36E1E}.Release|Mixed Platforms.Build.0 = Release|Win32
		{726A4496-0153-4AB0-85FE-694434B36E1E}.Release|Win32.ActiveCfg = Release|Win32
		{726A4496-0153-4AB0-85FE-694434B36E1E}.Release|Win32.Build.0 = Release|Win32
		{918C8169-4A0D-4E9A-874F-8704FB608E63}.Debug|Any CPU.ActiveCfg = Debug|Win32
		{918C8169-4A0D-4E9A-874F-8704FB608E63}.Debug|Mixed Platforms.ActiveCfg = Debug|Win32
		{918C8169-4A0D-4E9A-874F-8704FB608E63}.Debug|Mixed Platforms.Build.0 = Debug|Win32
		{918C8169-4A0D-4E9A-874F-8704FB608E63}.Debug|Win32.ActiveCfg = Debug|Win32
		{918C8169-4A0D-4E9A-874F-8704FB608E63}.Debug|Win32.Build.0 = Debug|Win32
		{918C8169-4A0D-4E9A-874F-8704FB608E63}.Release|Any CPU.ActiveCfg = Release|Win32
		{918C8169-4A0D-4E9A-874F-8704FB608E63}.Release|Mixed Platforms.ActiveCfg = Release|Win32
		{918C8169-4A0D-4E9A-874F-8704FB608E63}.Release|Mixed Platforms.Build.0 = Release|Win32
		{918C8169-4A0D-4E9A-874F-8704FB608E63}.Release|Win32.ActiveCfg = Release|Win32
		{918C8169-4A0D-4E9A-874F-8704FB608E63}.Release|Win32.Build.0 = Release|Win32
	EndGlobalSection
	GlobalSection(SolutionProperties) = preSolution
		HideSolutionNode = FALSE
	EndGlobalSection
EndGlobal
